// !$*UTF8*$!
{
	archiveVersion = 1;
	classes = {
	};
	objectVersion = 46;
	objects = {

/* Begin PBXBuildFile section */
		615F0ABCED1B3C40E2ED143A /* Pods_SFWeChatTests.framework in Frameworks */ = {isa = PBXBuildFile; fileRef = 56B45BFEFD597D0AB733E86C /* Pods_SFWeChatTests.framework */; };
		708A2294C46E1D9F190C7C1A /* Pods_SFWeChat.framework in Frameworks */ = {isa = PBXBuildFile; fileRef = B1E17F80476DF84A04D7B7BF /* Pods_SFWeChat.framework */; };
		868C2E37E1FCF3F2A5B8AA57 /* Pods_SFWeChatUITests.framework in Frameworks */ = {isa = PBXBuildFile; fileRef = CC731233796F822AB024C639 /* Pods_SFWeChatUITests.framework */; };
		FE3D8F281DD55B5B00F0F7FC /* main.m in Sources */ = {isa = PBXBuildFile; fileRef = FE3D8F271DD55B5B00F0F7FC /* main.m */; };
		FE3D8F331DD55B5B00F0F7FC /* Assets.xcassets in Resources */ = {isa = PBXBuildFile; fileRef = FE3D8F321DD55B5B00F0F7FC /* Assets.xcassets */; };
		FE3D8F411DD55B5B00F0F7FC /* SFWeChatTests.m in Sources */ = {isa = PBXBuildFile; fileRef = FE3D8F401DD55B5B00F0F7FC /* SFWeChatTests.m */; };
		FE3D8F4C1DD55B5B00F0F7FC /* SFWeChatUITests.m in Sources */ = {isa = PBXBuildFile; fileRef = FE3D8F4B1DD55B5B00F0F7FC /* SFWeChatUITests.m */; };
		FE3D8F5E1DD55C7500F0F7FC /* LaunchScreen.storyboard in Resources */ = {isa = PBXBuildFile; fileRef = FE3D8F5C1DD55C7500F0F7FC /* LaunchScreen.storyboard */; };
		FE3D8F641DD55D7500F0F7FC /* AppDelegate.m in Sources */ = {isa = PBXBuildFile; fileRef = FE3D8F631DD55D7500F0F7FC /* AppDelegate.m */; };
		FE9DEFFD1DD59435006ADC76 /* SFTabBarViewController.m in Sources */ = {isa = PBXBuildFile; fileRef = FE9DEFFC1DD59435006ADC76 /* SFTabBarViewController.m */; };
		FE9DEFFF1DD5952D006ADC76 /* Discover.storyboard in Resources */ = {isa = PBXBuildFile; fileRef = FE9DEFFE1DD5952D006ADC76 /* Discover.storyboard */; };
		FE9DF0011DD595D3006ADC76 /* Chats.storyboard in Resources */ = {isa = PBXBuildFile; fileRef = FE9DF0001DD595D3006ADC76 /* Chats.storyboard */; };
		FE9DF0031DD595E0006ADC76 /* Contacts.storyboard in Resources */ = {isa = PBXBuildFile; fileRef = FE9DF0021DD595E0006ADC76 /* Contacts.storyboard */; };
		FE9DF0051DD595E8006ADC76 /* Me.storyboard in Resources */ = {isa = PBXBuildFile; fileRef = FE9DF0041DD595E8006ADC76 /* Me.storyboard */; };
		FE9DF0071DD5992D006ADC76 /* Main.storyboard in Resources */ = {isa = PBXBuildFile; fileRef = FE9DF0061DD5992D006ADC76 /* Main.storyboard */; };
		FE9DF00D1DD599E0006ADC76 /* SFChatsViewController.m in Sources */ = {isa = PBXBuildFile; fileRef = FE9DF00C1DD599E0006ADC76 /* SFChatsViewController.m */; };
		FE9DF0101DD59A02006ADC76 /* SFContactsViewController.m in Sources */ = {isa = PBXBuildFile; fileRef = FE9DF00F1DD59A02006ADC76 /* SFContactsViewController.m */; };
		FE9DF0131DD59A13006ADC76 /* SFDiscoverViewController.m in Sources */ = {isa = PBXBuildFile; fileRef = FE9DF0121DD59A13006ADC76 /* SFDiscoverViewController.m */; };
		FE9DF0161DD59A22006ADC76 /* SFMeViewController.m in Sources */ = {isa = PBXBuildFile; fileRef = FE9DF0151DD59A22006ADC76 /* SFMeViewController.m */; };
		FE9DF01A1DD59A52006ADC76 /* SFBaseViewController.m in Sources */ = {isa = PBXBuildFile; fileRef = FE9DF0191DD59A52006ADC76 /* SFBaseViewController.m */; };
		FE9DF01D1DD59BBE006ADC76 /* SFNavigationController.m in Sources */ = {isa = PBXBuildFile; fileRef = FE9DF01C1DD59BBE006ADC76 /* SFNavigationController.m */; };
/* End PBXBuildFile section */

/* Begin PBXContainerItemProxy section */
		FE3D8F3D1DD55B5B00F0F7FC /* PBXContainerItemProxy */ = {
			isa = PBXContainerItemProxy;
			containerPortal = FE3D8F1B1DD55B5B00F0F7FC /* Project object */;
			proxyType = 1;
			remoteGlobalIDString = FE3D8F221DD55B5B00F0F7FC;
			remoteInfo = SFWeChat;
		};
		FE3D8F481DD55B5B00F0F7FC /* PBXContainerItemProxy */ = {
			isa = PBXContainerItemProxy;
			containerPortal = FE3D8F1B1DD55B5B00F0F7FC /* Project object */;
			proxyType = 1;
			remoteGlobalIDString = FE3D8F221DD55B5B00F0F7FC;
			remoteInfo = SFWeChat;
		};
/* End PBXContainerItemProxy section */

/* Begin PBXFileReference section */
		3780A9B569EE1C8218856ACD /* Pods-SFWeChatTests.release.xcconfig */ = {isa = PBXFileReference; includeInIndex = 1; lastKnownFileType = text.xcconfig; name = "Pods-SFWeChatTests.release.xcconfig"; path = "Pods/Target Support Files/Pods-SFWeChatTests/Pods-SFWeChatTests.release.xcconfig"; sourceTree = "<group>"; };
		460639E5C9AF1A1BAB20ECA7 /* Pods-SFWeChatUITests.release.xcconfig */ = {isa = PBXFileReference; includeInIndex = 1; lastKnownFileType = text.xcconfig; name = "Pods-SFWeChatUITests.release.xcconfig"; path = "Pods/Target Support Files/Pods-SFWeChatUITests/Pods-SFWeChatUITests.release.xcconfig"; sourceTree = "<group>"; };
		56B45BFEFD597D0AB733E86C /* Pods_SFWeChatTests.framework */ = {isa = PBXFileReference; explicitFileType = wrapper.framework; includeInIndex = 0; path = Pods_SFWeChatTests.framework; sourceTree = BUILT_PRODUCTS_DIR; };
		71C5552523A951E22F851B11 /* Pods-SFWeChat.release.xcconfig */ = {isa = PBXFileReference; includeInIndex = 1; lastKnownFileType = text.xcconfig; name = "Pods-SFWeChat.release.xcconfig"; path = "Pods/Target Support Files/Pods-SFWeChat/Pods-SFWeChat.release.xcconfig"; sourceTree = "<group>"; };
		7F6C55146D556EE94DF41317 /* Pods-SFWeChatUITests.debug.xcconfig */ = {isa = PBXFileReference; includeInIndex = 1; lastKnownFileType = text.xcconfig; name = "Pods-SFWeChatUITests.debug.xcconfig"; path = "Pods/Target Support Files/Pods-SFWeChatUITests/Pods-SFWeChatUITests.debug.xcconfig"; sourceTree = "<group>"; };
		83C038748A6508C23F43F763 /* Pods-SFWeChatTests.debug.xcconfig */ = {isa = PBXFileReference; includeInIndex = 1; lastKnownFileType = text.xcconfig; name = "Pods-SFWeChatTests.debug.xcconfig"; path = "Pods/Target Support Files/Pods-SFWeChatTests/Pods-SFWeChatTests.debug.xcconfig"; sourceTree = "<group>"; };
		B1E17F80476DF84A04D7B7BF /* Pods_SFWeChat.framework */ = {isa = PBXFileReference; explicitFileType = wrapper.framework; includeInIndex = 0; path = Pods_SFWeChat.framework; sourceTree = BUILT_PRODUCTS_DIR; };
		CC731233796F822AB024C639 /* Pods_SFWeChatUITests.framework */ = {isa = PBXFileReference; explicitFileType = wrapper.framework; includeInIndex = 0; path = Pods_SFWeChatUITests.framework; sourceTree = BUILT_PRODUCTS_DIR; };
		FE3D8F231DD55B5B00F0F7FC /* SFWeChat.app */ = {isa = PBXFileReference; explicitFileType = wrapper.application; includeInIndex = 0; path = SFWeChat.app; sourceTree = BUILT_PRODUCTS_DIR; };
		FE3D8F271DD55B5B00F0F7FC /* main.m */ = {isa = PBXFileReference; lastKnownFileType = sourcecode.c.objc; path = main.m; sourceTree = "<group>"; };
		FE3D8F321DD55B5B00F0F7FC /* Assets.xcassets */ = {isa = PBXFileReference; lastKnownFileType = folder.assetcatalog; path = Assets.xcassets; sourceTree = "<group>"; };
		FE3D8F371DD55B5B00F0F7FC /* Info.plist */ = {isa = PBXFileReference; lastKnownFileType = text.plist.xml; path = Info.plist; sourceTree = "<group>"; };
		FE3D8F3C1DD55B5B00F0F7FC /* SFWeChatTests.xctest */ = {isa = PBXFileReference; explicitFileType = wrapper.cfbundle; includeInIndex = 0; path = SFWeChatTests.xctest; sourceTree = BUILT_PRODUCTS_DIR; };
		FE3D8F401DD55B5B00F0F7FC /* SFWeChatTests.m */ = {isa = PBXFileReference; lastKnownFileType = sourcecode.c.objc; path = SFWeChatTests.m; sourceTree = "<group>"; };
		FE3D8F421DD55B5B00F0F7FC /* Info.plist */ = {isa = PBXFileReference; lastKnownFileType = text.plist.xml; path = Info.plist; sourceTree = "<group>"; };
		FE3D8F471DD55B5B00F0F7FC /* SFWeChatUITests.xctest */ = {isa = PBXFileReference; explicitFileType = wrapper.cfbundle; includeInIndex = 0; path = SFWeChatUITests.xctest; sourceTree = BUILT_PRODUCTS_DIR; };
		FE3D8F4B1DD55B5B00F0F7FC /* SFWeChatUITests.m */ = {isa = PBXFileReference; lastKnownFileType = sourcecode.c.objc; path = SFWeChatUITests.m; sourceTree = "<group>"; };
		FE3D8F4D1DD55B5B00F0F7FC /* Info.plist */ = {isa = PBXFileReference; lastKnownFileType = text.plist.xml; path = Info.plist; sourceTree = "<group>"; };
		FE3D8F5C1DD55C7500F0F7FC /* LaunchScreen.storyboard */ = {isa = PBXFileReference; fileEncoding = 4; lastKnownFileType = file.storyboard; path = LaunchScreen.storyboard; sourceTree = "<group>"; };
		FE3D8F621DD55D7500F0F7FC /* AppDelegate.h */ = {isa = PBXFileReference; fileEncoding = 4; lastKnownFileType = sourcecode.c.h; path = AppDelegate.h; sourceTree = "<group>"; };
		FE3D8F631DD55D7500F0F7FC /* AppDelegate.m */ = {isa = PBXFileReference; fileEncoding = 4; lastKnownFileType = sourcecode.c.objc; path = AppDelegate.m; sourceTree = "<group>"; };
		FE8D20412355875149BDEBA0 /* Pods-SFWeChat.debug.xcconfig */ = {isa = PBXFileReference; includeInIndex = 1; lastKnownFileType = text.xcconfig; name = "Pods-SFWeChat.debug.xcconfig"; path = "Pods/Target Support Files/Pods-SFWeChat/Pods-SFWeChat.debug.xcconfig"; sourceTree = "<group>"; };
		FE9DEFFB1DD59435006ADC76 /* SFTabBarViewController.h */ = {isa = PBXFileReference; fileEncoding = 4; lastKnownFileType = sourcecode.c.h; path = SFTabBarViewController.h; sourceTree = "<group>"; };
		FE9DEFFC1DD59435006ADC76 /* SFTabBarViewController.m */ = {isa = PBXFileReference; fileEncoding = 4; lastKnownFileType = sourcecode.c.objc; path = SFTabBarViewController.m; sourceTree = "<group>"; };
		FE9DEFFE1DD5952D006ADC76 /* Discover.storyboard */ = {isa = PBXFileReference; fileEncoding = 4; lastKnownFileType = file.storyboard; path = Discover.storyboard; sourceTree = "<group>"; };
		FE9DF0001DD595D3006ADC76 /* Chats.storyboard */ = {isa = PBXFileReference; fileEncoding = 4; lastKnownFileType = file.storyboard; path = Chats.storyboard; sourceTree = "<group>"; };
		FE9DF0021DD595E0006ADC76 /* Contacts.storyboard */ = {isa = PBXFileReference; fileEncoding = 4; lastKnownFileType = file.storyboard; path = Contacts.storyboard; sourceTree = "<group>"; };
		FE9DF0041DD595E8006ADC76 /* Me.storyboard */ = {isa = PBXFileReference; fileEncoding = 4; lastKnownFileType = file.storyboard; path = Me.storyboard; sourceTree = "<group>"; };
		FE9DF0061DD5992D006ADC76 /* Main.storyboard */ = {isa = PBXFileReference; fileEncoding = 4; lastKnownFileType = file.storyboard; path = Main.storyboard; sourceTree = "<group>"; };
		FE9DF00B1DD599E0006ADC76 /* SFChatsViewController.h */ = {isa = PBXFileReference; fileEncoding = 4; lastKnownFileType = sourcecode.c.h; path = SFChatsViewController.h; sourceTree = "<group>"; };
		FE9DF00C1DD599E0006ADC76 /* SFChatsViewController.m */ = {isa = PBXFileReference; fileEncoding = 4; lastKnownFileType = sourcecode.c.objc; path = SFChatsViewController.m; sourceTree = "<group>"; };
		FE9DF00E1DD59A02006ADC76 /* SFContactsViewController.h */ = {isa = PBXFileReference; fileEncoding = 4; lastKnownFileType = sourcecode.c.h; path = SFContactsViewController.h; sourceTree = "<group>"; };
		FE9DF00F1DD59A02006ADC76 /* SFContactsViewController.m */ = {isa = PBXFileReference; fileEncoding = 4; lastKnownFileType = sourcecode.c.objc; path = SFContactsViewController.m; sourceTree = "<group>"; };
		FE9DF0111DD59A13006ADC76 /* SFDiscoverViewController.h */ = {isa = PBXFileReference; fileEncoding = 4; lastKnownFileType = sourcecode.c.h; path = SFDiscoverViewController.h; sourceTree = "<group>"; };
		FE9DF0121DD59A13006ADC76 /* SFDiscoverViewController.m */ = {isa = PBXFileReference; fileEncoding = 4; lastKnownFileType = sourcecode.c.objc; path = SFDiscoverViewController.m; sourceTree = "<group>"; };
		FE9DF0141DD59A22006ADC76 /* SFMeViewController.h */ = {isa = PBXFileReference; fileEncoding = 4; lastKnownFileType = sourcecode.c.h; path = SFMeViewController.h; sourceTree = "<group>"; };
		FE9DF0151DD59A22006ADC76 /* SFMeViewController.m */ = {isa = PBXFileReference; fileEncoding = 4; lastKnownFileType = sourcecode.c.objc; path = SFMeViewController.m; sourceTree = "<group>"; };
		FE9DF0181DD59A52006ADC76 /* SFBaseViewController.h */ = {isa = PBXFileReference; fileEncoding = 4; lastKnownFileType = sourcecode.c.h; path = SFBaseViewController.h; sourceTree = "<group>"; };
		FE9DF0191DD59A52006ADC76 /* SFBaseViewController.m */ = {isa = PBXFileReference; fileEncoding = 4; lastKnownFileType = sourcecode.c.objc; path = SFBaseViewController.m; sourceTree = "<group>"; };
		FE9DF01B1DD59BBE006ADC76 /* SFNavigationController.h */ = {isa = PBXFileReference; fileEncoding = 4; lastKnownFileType = sourcecode.c.h; path = SFNavigationController.h; sourceTree = "<group>"; };
		FE9DF01C1DD59BBE006ADC76 /* SFNavigationController.m */ = {isa = PBXFileReference; fileEncoding = 4; lastKnownFileType = sourcecode.c.objc; path = SFNavigationController.m; sourceTree = "<group>"; };
/* End PBXFileReference section */

/* Begin PBXFrameworksBuildPhase section */
		FE3D8F201DD55B5B00F0F7FC /* Frameworks */ = {
			isa = PBXFrameworksBuildPhase;
			buildActionMask = 2147483647;
			files = (
				708A2294C46E1D9F190C7C1A /* Pods_SFWeChat.framework in Frameworks */,
			);
			runOnlyForDeploymentPostprocessing = 0;
		};
		FE3D8F391DD55B5B00F0F7FC /* Frameworks */ = {
			isa = PBXFrameworksBuildPhase;
			buildActionMask = 2147483647;
			files = (
				615F0ABCED1B3C40E2ED143A /* Pods_SFWeChatTests.framework in Frameworks */,
			);
			runOnlyForDeploymentPostprocessing = 0;
		};
		FE3D8F441DD55B5B00F0F7FC /* Frameworks */ = {
			isa = PBXFrameworksBuildPhase;
			buildActionMask = 2147483647;
			files = (
				868C2E37E1FCF3F2A5B8AA57 /* Pods_SFWeChatUITests.framework in Frameworks */,
			);
			runOnlyForDeploymentPostprocessing = 0;
		};
/* End PBXFrameworksBuildPhase section */

/* Begin PBXGroup section */
		B23082CEBE6870A05C171C93 /* Pods */ = {
			isa = PBXGroup;
			children = (
				FE8D20412355875149BDEBA0 /* Pods-SFWeChat.debug.xcconfig */,
				71C5552523A951E22F851B11 /* Pods-SFWeChat.release.xcconfig */,
				83C038748A6508C23F43F763 /* Pods-SFWeChatTests.debug.xcconfig */,
				3780A9B569EE1C8218856ACD /* Pods-SFWeChatTests.release.xcconfig */,
				7F6C55146D556EE94DF41317 /* Pods-SFWeChatUITests.debug.xcconfig */,
				460639E5C9AF1A1BAB20ECA7 /* Pods-SFWeChatUITests.release.xcconfig */,
			);
			name = Pods;
			sourceTree = "<group>";
		};
		CF1D15CEA10433A39EA37039 /* Frameworks */ = {
			isa = PBXGroup;
			children = (
				B1E17F80476DF84A04D7B7BF /* Pods_SFWeChat.framework */,
				56B45BFEFD597D0AB733E86C /* Pods_SFWeChatTests.framework */,
				CC731233796F822AB024C639 /* Pods_SFWeChatUITests.framework */,
			);
			name = Frameworks;
			sourceTree = "<group>";
		};
		FE3D8F1A1DD55B5B00F0F7FC = {
			isa = PBXGroup;
			children = (
				FE3D8F251DD55B5B00F0F7FC /* SFWeChat */,
				FE3D8F3F1DD55B5B00F0F7FC /* SFWeChatTests */,
				FE3D8F4A1DD55B5B00F0F7FC /* SFWeChatUITests */,
				FE3D8F241DD55B5B00F0F7FC /* Products */,
				B23082CEBE6870A05C171C93 /* Pods */,
				CF1D15CEA10433A39EA37039 /* Frameworks */,
			);
			sourceTree = "<group>";
		};
		FE3D8F241DD55B5B00F0F7FC /* Products */ = {
			isa = PBXGroup;
			children = (
				FE3D8F231DD55B5B00F0F7FC /* SFWeChat.app */,
				FE3D8F3C1DD55B5B00F0F7FC /* SFWeChatTests.xctest */,
				FE3D8F471DD55B5B00F0F7FC /* SFWeChatUITests.xctest */,
			);
			name = Products;
			sourceTree = "<group>";
		};
		FE3D8F251DD55B5B00F0F7FC /* SFWeChat */ = {
			isa = PBXGroup;
			children = (
				FE3D8F321DD55B5B00F0F7FC /* Assets.xcassets */,
				FE3D8F601DD55D5A00F0F7FC /* App */,
				FE3D8F5A1DD55C6F00F0F7FC /* General */,
				FE3D8F591DD55C6F00F0F7FC /* Core */,
				FE3D8F5B1DD55C7500F0F7FC /* Storyboard */,
				FE3D8F611DD55D6000F0F7FC /* Resource */,
				FE3D8F261DD55B5B00F0F7FC /* Supporting Files */,
			);
			path = SFWeChat;
			sourceTree = "<group>";
		};
		FE3D8F261DD55B5B00F0F7FC /* Supporting Files */ = {
			isa = PBXGroup;
			children = (
				FE3D8F371DD55B5B00F0F7FC /* Info.plist */,
				FE3D8F271DD55B5B00F0F7FC /* main.m */,
			);
			name = "Supporting Files";
			sourceTree = "<group>";
		};
		FE3D8F3F1DD55B5B00F0F7FC /* SFWeChatTests */ = {
			isa = PBXGroup;
			children = (
				FE3D8F401DD55B5B00F0F7FC /* SFWeChatTests.m */,
				FE3D8F421DD55B5B00F0F7FC /* Info.plist */,
			);
			path = SFWeChatTests;
			sourceTree = "<group>";
		};
		FE3D8F4A1DD55B5B00F0F7FC /* SFWeChatUITests */ = {
			isa = PBXGroup;
			children = (
				FE3D8F4B1DD55B5B00F0F7FC /* SFWeChatUITests.m */,
				FE3D8F4D1DD55B5B00F0F7FC /* Info.plist */,
			);
			path = SFWeChatUITests;
			sourceTree = "<group>";
		};
		FE3D8F591DD55C6F00F0F7FC /* Core */ = {
			isa = PBXGroup;
			children = (
				FE9DF0171DD59A52006ADC76 /* Base */,
				FE9DEFFA1DD59406006ADC76 /* Tab */,
				FE3D8F651DD564CE00F0F7FC /* Chats */,
				FE3D8F661DD564CE00F0F7FC /* Contacts */,
				FE3D8F671DD564CE00F0F7FC /* Discover */,
				FE3D8F681DD564CE00F0F7FC /* Me */,
			);
			path = Core;
			sourceTree = "<group>";
		};
		FE3D8F5A1DD55C6F00F0F7FC /* General */ = {
			isa = PBXGroup;
			children = (
			);
			path = General;
			sourceTree = "<group>";
		};
		FE3D8F5B1DD55C7500F0F7FC /* Storyboard */ = {
			isa = PBXGroup;
			children = (
				FE3D8F5C1DD55C7500F0F7FC /* LaunchScreen.storyboard */,
				FE9DF0061DD5992D006ADC76 /* Main.storyboard */,
				FE9DF0001DD595D3006ADC76 /* Chats.storyboard */,
				FE9DF0021DD595E0006ADC76 /* Contacts.storyboard */,
				FE9DEFFE1DD5952D006ADC76 /* Discover.storyboard */,
				FE9DF0041DD595E8006ADC76 /* Me.storyboard */,
			);
			path = Storyboard;
			sourceTree = "<group>";
		};
		FE3D8F601DD55D5A00F0F7FC /* App */ = {
			isa = PBXGroup;
			children = (
				FE3D8F621DD55D7500F0F7FC /* AppDelegate.h */,
				FE3D8F631DD55D7500F0F7FC /* AppDelegate.m */,
			);
			path = App;
			sourceTree = "<group>";
		};
		FE3D8F611DD55D6000F0F7FC /* Resource */ = {
			isa = PBXGroup;
			children = (
			);
			path = Resource;
			sourceTree = "<group>";
		};
		FE3D8F651DD564CE00F0F7FC /* Chats */ = {
			isa = PBXGroup;
			children = (
			);
			path = Chats;
			sourceTree = "<group>";
		};
		FE3D8F661DD564CE00F0F7FC /* Contacts */ = {
			isa = PBXGroup;
			children = (
			);
			path = Contacts;
			sourceTree = "<group>";
		};
		FE3D8F671DD564CE00F0F7FC /* Discover */ = {
			isa = PBXGroup;
			children = (
			);
			path = Discover;
			sourceTree = "<group>";
		};
		FE3D8F681DD564CE00F0F7FC /* Me */ = {
			isa = PBXGroup;
			children = (
			);
			path = Me;
			sourceTree = "<group>";
		};
		FE9DEFFA1DD59406006ADC76 /* Tab */ = {
			isa = PBXGroup;
			children = (
				FE9DEFFB1DD59435006ADC76 /* SFTabBarViewController.h */,
				FE9DEFFC1DD59435006ADC76 /* SFTabBarViewController.m */,
				FE9DF00B1DD599E0006ADC76 /* SFChatsViewController.h */,
				FE9DF00C1DD599E0006ADC76 /* SFChatsViewController.m */,
				FE9DF00E1DD59A02006ADC76 /* SFContactsViewController.h */,
				FE9DF00F1DD59A02006ADC76 /* SFContactsViewController.m */,
				FE9DF0111DD59A13006ADC76 /* SFDiscoverViewController.h */,
				FE9DF0121DD59A13006ADC76 /* SFDiscoverViewController.m */,
				FE9DF0141DD59A22006ADC76 /* SFMeViewController.h */,
				FE9DF0151DD59A22006ADC76 /* SFMeViewController.m */,
			);
			path = Tab;
			sourceTree = "<group>";
		};
		FE9DF0171DD59A52006ADC76 /* Base */ = {
			isa = PBXGroup;
			children = (
				FE9DF0181DD59A52006ADC76 /* SFBaseViewController.h */,
				FE9DF0191DD59A52006ADC76 /* SFBaseViewController.m */,
				FE9DF01B1DD59BBE006ADC76 /* SFNavigationController.h */,
				FE9DF01C1DD59BBE006ADC76 /* SFNavigationController.m */,
			);
			path = Base;
			sourceTree = "<group>";
		};
/* End PBXGroup section */

/* Begin PBXNativeTarget section */
		FE3D8F221DD55B5B00F0F7FC /* SFWeChat */ = {
			isa = PBXNativeTarget;
			buildConfigurationList = FE3D8F501DD55B5B00F0F7FC /* Build configuration list for PBXNativeTarget "SFWeChat" */;
			buildPhases = (
				59506E1D84927A922B3B8EFF /* [CP] Check Pods Manifest.lock */,
				FE3D8F1F1DD55B5B00F0F7FC /* Sources */,
				FE3D8F201DD55B5B00F0F7FC /* Frameworks */,
				FE3D8F211DD55B5B00F0F7FC /* Resources */,
				48559CE8ADDD687123BC628B /* [CP] Embed Pods Frameworks */,
				A9C94CB868EA97A300822E74 /* [CP] Copy Pods Resources */,
			);
			buildRules = (
			);
			dependencies = (
			);
			name = SFWeChat;
			productName = SFWeChat;
			productReference = FE3D8F231DD55B5B00F0F7FC /* SFWeChat.app */;
			productType = "com.apple.product-type.application";
		};
		FE3D8F3B1DD55B5B00F0F7FC /* SFWeChatTests */ = {
			isa = PBXNativeTarget;
			buildConfigurationList = FE3D8F531DD55B5B00F0F7FC /* Build configuration list for PBXNativeTarget "SFWeChatTests" */;
			buildPhases = (
				D8E9402817E84FEF0A397211 /* [CP] Check Pods Manifest.lock */,
				FE3D8F381DD55B5B00F0F7FC /* Sources */,
				FE3D8F391DD55B5B00F0F7FC /* Frameworks */,
				FE3D8F3A1DD55B5B00F0F7FC /* Resources */,
				1F8A0F413A5833490998F228 /* [CP] Embed Pods Frameworks */,
				2392B0897D0AB7D328A54BB6 /* [CP] Copy Pods Resources */,
			);
			buildRules = (
			);
			dependencies = (
				FE3D8F3E1DD55B5B00F0F7FC /* PBXTargetDependency */,
			);
			name = SFWeChatTests;
			productName = SFWeChatTests;
			productReference = FE3D8F3C1DD55B5B00F0F7FC /* SFWeChatTests.xctest */;
			productType = "com.apple.product-type.bundle.unit-test";
		};
		FE3D8F461DD55B5B00F0F7FC /* SFWeChatUITests */ = {
			isa = PBXNativeTarget;
			buildConfigurationList = FE3D8F561DD55B5B00F0F7FC /* Build configuration list for PBXNativeTarget "SFWeChatUITests" */;
			buildPhases = (
				24F9BEA543C66382D9882B54 /* [CP] Check Pods Manifest.lock */,
				FE3D8F431DD55B5B00F0F7FC /* Sources */,
				FE3D8F441DD55B5B00F0F7FC /* Frameworks */,
				FE3D8F451DD55B5B00F0F7FC /* Resources */,
				A606114D89E261E37F632E54 /* [CP] Copy Pods Resources */,
			);
			buildRules = (
			);
			dependencies = (
				FE3D8F491DD55B5B00F0F7FC /* PBXTargetDependency */,
			);
			name = SFWeChatUITests;
			productName = SFWeChatUITests;
			productReference = FE3D8F471DD55B5B00F0F7FC /* SFWeChatUITests.xctest */;
			productType = "com.apple.product-type.bundle.ui-testing";
		};
/* End PBXNativeTarget section */

/* Begin PBXProject section */
		FE3D8F1B1DD55B5B00F0F7FC /* Project object */ = {
			isa = PBXProject;
			attributes = {
				LastUpgradeCheck = 0810;
				ORGANIZATIONNAME = Jone;
				TargetAttributes = {
					FE3D8F221DD55B5B00F0F7FC = {
						CreatedOnToolsVersion = 8.1;
						DevelopmentTeam = X2YCB7W88N;
						ProvisioningStyle = Automatic;
					};
					FE3D8F3B1DD55B5B00F0F7FC = {
						CreatedOnToolsVersion = 8.1;
						ProvisioningStyle = Automatic;
						TestTargetID = FE3D8F221DD55B5B00F0F7FC;
					};
					FE3D8F461DD55B5B00F0F7FC = {
						CreatedOnToolsVersion = 8.1;
						ProvisioningStyle = Automatic;
						TestTargetID = FE3D8F221DD55B5B00F0F7FC;
					};
				};
			};
			buildConfigurationList = FE3D8F1E1DD55B5B00F0F7FC /* Build configuration list for PBXProject "SFWeChat" */;
			compatibilityVersion = "Xcode 3.2";
			developmentRegion = English;
			hasScannedForEncodings = 0;
			knownRegions = (
				en,
				Base,
			);
			mainGroup = FE3D8F1A1DD55B5B00F0F7FC;
			productRefGroup = FE3D8F241DD55B5B00F0F7FC /* Products */;
			projectDirPath = "";
			projectRoot = "";
			targets = (
				FE3D8F221DD55B5B00F0F7FC /* SFWeChat */,
				FE3D8F3B1DD55B5B00F0F7FC /* SFWeChatTests */,
				FE3D8F461DD55B5B00F0F7FC /* SFWeChatUITests */,
			);
		};
/* End PBXProject section */

/* Begin PBXResourcesBuildPhase section */
		FE3D8F211DD55B5B00F0F7FC /* Resources */ = {
			isa = PBXResourcesBuildPhase;
			buildActionMask = 2147483647;
			files = (
				FE9DF0071DD5992D006ADC76 /* Main.storyboard in Resources */,
				FE9DEFFF1DD5952D006ADC76 /* Discover.storyboard in Resources */,
				FE9DF0011DD595D3006ADC76 /* Chats.storyboard in Resources */,
				FE9DF0031DD595E0006ADC76 /* Contacts.storyboard in Resources */,
				FE3D8F331DD55B5B00F0F7FC /* Assets.xcassets in Resources */,
				FE9DF0051DD595E8006ADC76 /* Me.storyboard in Resources */,
				FE3D8F5E1DD55C7500F0F7FC /* LaunchScreen.storyboard in Resources */,
			);
			runOnlyForDeploymentPostprocessing = 0;
		};
		FE3D8F3A1DD55B5B00F0F7FC /* Resources */ = {
			isa = PBXResourcesBuildPhase;
			buildActionMask = 2147483647;
			files = (
			);
			runOnlyForDeploymentPostprocessing = 0;
		};
		FE3D8F451DD55B5B00F0F7FC /* Resources */ = {
			isa = PBXResourcesBuildPhase;
			buildActionMask = 2147483647;
			files = (
			);
			runOnlyForDeploymentPostprocessing = 0;
		};
/* End PBXResourcesBuildPhase section */

/* Begin PBXShellScriptBuildPhase section */
		1F8A0F413A5833490998F228 /* [CP] Embed Pods Frameworks */ = {
			isa = PBXShellScriptBuildPhase;
			buildActionMask = 2147483647;
			files = (
			);
			inputPaths = (
			);
			name = "[CP] Embed Pods Frameworks";
			outputPaths = (
			);
			runOnlyForDeploymentPostprocessing = 0;
			shellPath = /bin/sh;
			shellScript = "\"${SRCROOT}/Pods/Target Support Files/Pods-SFWeChatTests/Pods-SFWeChatTests-frameworks.sh\"\n";
			showEnvVarsInLog = 0;
		};
		2392B0897D0AB7D328A54BB6 /* [CP] Copy Pods Resources */ = {
			isa = PBXShellScriptBuildPhase;
			buildActionMask = 2147483647;
			files = (
			);
			inputPaths = (
			);
			name = "[CP] Copy Pods Resources";
			outputPaths = (
			);
			runOnlyForDeploymentPostprocessing = 0;
			shellPath = /bin/sh;
			shellScript = "\"${SRCROOT}/Pods/Target Support Files/Pods-SFWeChatTests/Pods-SFWeChatTests-resources.sh\"\n";
			showEnvVarsInLog = 0;
		};
		24F9BEA543C66382D9882B54 /* [CP] Check Pods Manifest.lock */ = {
			isa = PBXShellScriptBuildPhase;
			buildActionMask = 2147483647;
			files = (
			);
			inputPaths = (
			);
			name = "[CP] Check Pods Manifest.lock";
			outputPaths = (
			);
			runOnlyForDeploymentPostprocessing = 0;
			shellPath = /bin/sh;
			shellScript = "diff \"${PODS_ROOT}/../Podfile.lock\" \"${PODS_ROOT}/Manifest.lock\" > /dev/null\nif [[ $? != 0 ]] ; then\n    cat << EOM\nerror: The sandbox is not in sync with the Podfile.lock. Run 'pod install' or update your CocoaPods installation.\nEOM\n    exit 1\nfi\n";
			showEnvVarsInLog = 0;
		};
		48559CE8ADDD687123BC628B /* [CP] Embed Pods Frameworks */ = {
			isa = PBXShellScriptBuildPhase;
			buildActionMask = 2147483647;
			files = (
			);
			inputPaths = (
			);
			name = "[CP] Embed Pods Frameworks";
			outputPaths = (
			);
			runOnlyForDeploymentPostprocessing = 0;
			shellPath = /bin/sh;
			shellScript = "\"${SRCROOT}/Pods/Target Support Files/Pods-SFWeChat/Pods-SFWeChat-frameworks.sh\"\n";
			showEnvVarsInLog = 0;
		};
		59506E1D84927A922B3B8EFF /* [CP] Check Pods Manifest.lock */ = {
			isa = PBXShellScriptBuildPhase;
			buildActionMask = 2147483647;
			files = (
			);
			inputPaths = (
			);
			name = "[CP] Check Pods Manifest.lock";
			outputPaths = (
			);
			runOnlyForDeploymentPostprocessing = 0;
			shellPath = /bin/sh;
			shellScript = "diff \"${PODS_ROOT}/../Podfile.lock\" \"${PODS_ROOT}/Manifest.lock\" > /dev/null\nif [[ $? != 0 ]] ; then\n    cat << EOM\nerror: The sandbox is not in sync with the Podfile.lock. Run 'pod install' or update your CocoaPods installation.\nEOM\n    exit 1\nfi\n";
			showEnvVarsInLog = 0;
		};
		A606114D89E261E37F632E54 /* [CP] Copy Pods Resources */ = {
			isa = PBXShellScriptBuildPhase;
			buildActionMask = 2147483647;
			files = (
			);
			inputPaths = (
			);
			name = "[CP] Copy Pods Resources";
			outputPaths = (
			);
			runOnlyForDeploymentPostprocessing = 0;
			shellPath = /bin/sh;
			shellScript = "\"${SRCROOT}/Pods/Target Support Files/Pods-SFWeChatUITests/Pods-SFWeChatUITests-resources.sh\"\n";
			showEnvVarsInLog = 0;
		};
		A9C94CB868EA97A300822E74 /* [CP] Copy Pods Resources */ = {
			isa = PBXShellScriptBuildPhase;
			buildActionMask = 2147483647;
			files = (
			);
			inputPaths = (
			);
			name = "[CP] Copy Pods Resources";
			outputPaths = (
			);
			runOnlyForDeploymentPostprocessing = 0;
			shellPath = /bin/sh;
			shellScript = "\"${SRCROOT}/Pods/Target Support Files/Pods-SFWeChat/Pods-SFWeChat-resources.sh\"\n";
			showEnvVarsInLog = 0;
		};
		D8E9402817E84FEF0A397211 /* [CP] Check Pods Manifest.lock */ = {
			isa = PBXShellScriptBuildPhase;
			buildActionMask = 2147483647;
			files = (
			);
			inputPaths = (
			);
			name = "[CP] Check Pods Manifest.lock";
			outputPaths = (
			);
			runOnlyForDeploymentPostprocessing = 0;
			shellPath = /bin/sh;
			shellScript = "diff \"${PODS_ROOT}/../Podfile.lock\" \"${PODS_ROOT}/Manifest.lock\" > /dev/null\nif [[ $? != 0 ]] ; then\n    cat << EOM\nerror: The sandbox is not in sync with the Podfile.lock. Run 'pod install' or update your CocoaPods installation.\nEOM\n    exit 1\nfi\n";
			showEnvVarsInLog = 0;
		};
/* End PBXShellScriptBuildPhase section */

/* Begin PBXSourcesBuildPhase section */
		FE3D8F1F1DD55B5B00F0F7FC /* Sources */ = {
			isa = PBXSourcesBuildPhase;
			buildActionMask = 2147483647;
			files = (
				FE9DF0131DD59A13006ADC76 /* SFDiscoverViewController.m in Sources */,
				FE9DF0161DD59A22006ADC76 /* SFMeViewController.m in Sources */,
				FE9DEFFD1DD59435006ADC76 /* SFTabBarViewController.m in Sources */,
				FE9DF0101DD59A02006ADC76 /* SFContactsViewController.m in Sources */,
				FE9DF01D1DD59BBE006ADC76 /* SFNavigationController.m in Sources */,
				FE9DF01A1DD59A52006ADC76 /* SFBaseViewController.m in Sources */,
				FE3D8F641DD55D7500F0F7FC /* AppDelegate.m in Sources */,
				FE9DF00D1DD599E0006ADC76 /* SFChatsViewController.m in Sources */,
				FE3D8F281DD55B5B00F0F7FC /* main.m in Sources */,
			);
			runOnlyForDeploymentPostprocessing = 0;
		};
		FE3D8F381DD55B5B00F0F7FC /* Sources */ = {
			isa = PBXSourcesBuildPhase;
			buildActionMask = 2147483647;
			files = (
				FE3D8F411DD55B5B00F0F7FC /* SFWeChatTests.m in Sources */,
			);
			runOnlyForDeploymentPostprocessing = 0;
		};
		FE3D8F431DD55B5B00F0F7FC /* Sources */ = {
			isa = PBXSourcesBuildPhase;
			buildActionMask = 2147483647;
			files = (
				FE3D8F4C1DD55B5B00F0F7FC /* SFWeChatUITests.m in Sources */,
			);
			runOnlyForDeploymentPostprocessing = 0;
		};
/* End PBXSourcesBuildPhase section */

/* Begin PBXTargetDependency section */
		FE3D8F3E1DD55B5B00F0F7FC /* PBXTargetDependency */ = {
			isa = PBXTargetDependency;
			target = FE3D8F221DD55B5B00F0F7FC /* SFWeChat */;
			targetProxy = FE3D8F3D1DD55B5B00F0F7FC /* PBXContainerItemProxy */;
		};
		FE3D8F491DD55B5B00F0F7FC /* PBXTargetDependency */ = {
			isa = PBXTargetDependency;
			target = FE3D8F221DD55B5B00F0F7FC /* SFWeChat */;
			targetProxy = FE3D8F481DD55B5B00F0F7FC /* PBXContainerItemProxy */;
		};
/* End PBXTargetDependency section */

/* Begin XCBuildConfiguration section */
		FE3D8F4E1DD55B5B00F0F7FC /* Debug */ = {
			isa = XCBuildConfiguration;
			buildSettings = {
				ALWAYS_SEARCH_USER_PATHS = NO;
				CLANG_ANALYZER_NONNULL = YES;
				CLANG_CXX_LANGUAGE_STANDARD = "gnu++0x";
				CLANG_CXX_LIBRARY = "libc++";
				CLANG_ENABLE_MODULES = YES;
				CLANG_ENABLE_OBJC_ARC = YES;
				CLANG_WARN_BOOL_CONVERSION = YES;
				CLANG_WARN_CONSTANT_CONVERSION = YES;
				CLANG_WARN_DIRECT_OBJC_ISA_USAGE = YES_ERROR;
				CLANG_WARN_DOCUMENTATION_COMMENTS = YES;
				CLANG_WARN_EMPTY_BODY = YES;
				CLANG_WARN_ENUM_CONVERSION = YES;
				CLANG_WARN_INFINITE_RECURSION = YES;
				CLANG_WARN_INT_CONVERSION = YES;
				CLANG_WARN_OBJC_ROOT_CLASS = YES_ERROR;
				CLANG_WARN_SUSPICIOUS_MOVE = YES;
				CLANG_WARN_SUSPICIOUS_MOVES = YES;
				CLANG_WARN_UNREACHABLE_CODE = YES;
				CLANG_WARN__DUPLICATE_METHOD_MATCH = YES;
				"CODE_SIGN_IDENTITY[sdk=iphoneos*]" = "iPhone Developer";
				COPY_PHASE_STRIP = NO;
				DEBUG_INFORMATION_FORMAT = dwarf;
				ENABLE_STRICT_OBJC_MSGSEND = YES;
				ENABLE_TESTABILITY = YES;
				GCC_C_LANGUAGE_STANDARD = gnu99;
				GCC_DYNAMIC_NO_PIC = NO;
				GCC_NO_COMMON_BLOCKS = YES;
				GCC_OPTIMIZATION_LEVEL = 0;
				GCC_PREPROCESSOR_DEFINITIONS = (
					"DEBUG=1",
					"$(inherited)",
				);
				GCC_WARN_64_TO_32_BIT_CONVERSION = YES;
				GCC_WARN_ABOUT_RETURN_TYPE = YES_ERROR;
				GCC_WARN_UNDECLARED_SELECTOR = YES;
				GCC_WARN_UNINITIALIZED_AUTOS = YES_AGGRESSIVE;
				GCC_WARN_UNUSED_FUNCTION = YES;
				GCC_WARN_UNUSED_VARIABLE = YES;
				IPHONEOS_DEPLOYMENT_TARGET = 8.0;
				MTL_ENABLE_DEBUG_INFO = YES;
				ONLY_ACTIVE_ARCH = YES;
				SDKROOT = iphoneos;
				TARGETED_DEVICE_FAMILY = "1,2";
			};
			name = Debug;
		};
		FE3D8F4F1DD55B5B00F0F7FC /* Release */ = {
			isa = XCBuildConfiguration;
			buildSettings = {
				ALWAYS_SEARCH_USER_PATHS = NO;
				CLANG_ANALYZER_NONNULL = YES;
				CLANG_CXX_LANGUAGE_STANDARD = "gnu++0x";
				CLANG_CXX_LIBRARY = "libc++";
				CLANG_ENABLE_MODULES = YES;
				CLANG_ENABLE_OBJC_ARC = YES;
				CLANG_WARN_BOOL_CONVERSION = YES;
				CLANG_WARN_CONSTANT_CONVERSION = YES;
				CLANG_WARN_DIRECT_OBJC_ISA_USAGE = YES_ERROR;
				CLANG_WARN_DOCUMENTATION_COMMENTS = YES;
				CLANG_WARN_EMPTY_BODY = YES;
				CLANG_WARN_ENUM_CONVERSION = YES;
				CLANG_WARN_INFINITE_RECURSION = YES;
				CLANG_WARN_INT_CONVERSION = YES;
				CLANG_WARN_OBJC_ROOT_CLASS = YES_ERROR;
				CLANG_WARN_SUSPICIOUS_MOVE = YES;
				CLANG_WARN_SUSPICIOUS_MOVES = YES;
				CLANG_WARN_UNREACHABLE_CODE = YES;
				CLANG_WARN__DUPLICATE_METHOD_MATCH = YES;
				"CODE_SIGN_IDENTITY[sdk=iphoneos*]" = "iPhone Developer";
				COPY_PHASE_STRIP = NO;
				DEBUG_INFORMATION_FORMAT = "dwarf-with-dsym";
				ENABLE_NS_ASSERTIONS = NO;
				ENABLE_STRICT_OBJC_MSGSEND = YES;
				GCC_C_LANGUAGE_STANDARD = gnu99;
				GCC_NO_COMMON_BLOCKS = YES;
				GCC_WARN_64_TO_32_BIT_CONVERSION = YES;
				GCC_WARN_ABOUT_RETURN_TYPE = YES_ERROR;
				GCC_WARN_UNDECLARED_SELECTOR = YES;
				GCC_WARN_UNINITIALIZED_AUTOS = YES_AGGRESSIVE;
				GCC_WARN_UNUSED_FUNCTION = YES;
				GCC_WARN_UNUSED_VARIABLE = YES;
				IPHONEOS_DEPLOYMENT_TARGET = 8.0;
				MTL_ENABLE_DEBUG_INFO = NO;
				SDKROOT = iphoneos;
				TARGETED_DEVICE_FAMILY = "1,2";
				VALIDATE_PRODUCT = YES;
			};
			name = Release;
		};
		FE3D8F511DD55B5B00F0F7FC /* Debug */ = {
			isa = XCBuildConfiguration;
			baseConfigurationReference = FE8D20412355875149BDEBA0 /* Pods-SFWeChat.debug.xcconfig */;
			buildSettings = {
				ASSETCATALOG_COMPILER_APPICON_NAME = AppIcon;
				DEVELOPMENT_TEAM = X2YCB7W88N;
				INFOPLIST_FILE = SFWeChat/Info.plist;
				IPHONEOS_DEPLOYMENT_TARGET = 9.0;
				LD_RUNPATH_SEARCH_PATHS = "$(inherited) @executable_path/Frameworks";
				PRODUCT_BUNDLE_IDENTIFIER = com.smallfly.jone.SFWeChat;
				PRODUCT_NAME = "$(TARGET_NAME)";
			};
			name = Debug;
		};
		FE3D8F521DD55B5B00F0F7FC /* Release */ = {
			isa = XCBuildConfiguration;
			baseConfigurationReference = 71C5552523A951E22F851B11 /* Pods-SFWeChat.release.xcconfig */;
			buildSettings = {
				ASSETCATALOG_COMPILER_APPICON_NAME = AppIcon;
				DEVELOPMENT_TEAM = X2YCB7W88N;
				INFOPLIST_FILE = SFWeChat/Info.plist;
				IPHONEOS_DEPLOYMENT_TARGET = 9.0;
				LD_RUNPATH_SEARCH_PATHS = "$(inherited) @executable_path/Frameworks";
				PRODUCT_BUNDLE_IDENTIFIER = com.smallfly.jone.SFWeChat;
				PRODUCT_NAME = "$(TARGET_NAME)";
			};
			name = Release;
		};
		FE3D8F541DD55B5B00F0F7FC /* Debug */ = {
			isa = XCBuildConfiguration;
			baseConfigurationReference = 83C038748A6508C23F43F763 /* Pods-SFWeChatTests.debug.xcconfig */;
			buildSettings = {
				BUNDLE_LOADER = "$(TEST_HOST)";
				INFOPLIST_FILE = SFWeChatTests/Info.plist;
				LD_RUNPATH_SEARCH_PATHS = "$(inherited) @executable_path/Frameworks @loader_path/Frameworks";
				PRODUCT_BUNDLE_IDENTIFIER = com.smallfly.jone.SFWeChatTests;
				PRODUCT_NAME = "$(TARGET_NAME)";
				TEST_HOST = "$(BUILT_PRODUCTS_DIR)/SFWeChat.app/SFWeChat";
			};
			name = Debug;
		};
		FE3D8F551DD55B5B00F0F7FC /* Release */ = {
			isa = XCBuildConfiguration;
			baseConfigurationReference = 3780A9B569EE1C8218856ACD /* Pods-SFWeChatTests.release.xcconfig */;
			buildSettings = {
				BUNDLE_LOADER = "$(TEST_HOST)";
				INFOPLIST_FILE = SFWeChatTests/Info.plist;
				LD_RUNPATH_SEARCH_PATHS = "$(inherited) @executable_path/Frameworks @loader_path/Frameworks";
				PRODUCT_BUNDLE_IDENTIFIER = com.smallfly.jone.SFWeChatTests;
				PRODUCT_NAME = "$(TARGET_NAME)";
				TEST_HOST = "$(BUILT_PRODUCTS_DIR)/SFWeChat.app/SFWeChat";
			};
			name = Release;
		};
		FE3D8F571DD55B5B00F0F7FC /* Debug */ = {
			isa = XCBuildConfiguration;
			baseConfigurationReference = 7F6C55146D556EE94DF41317 /* Pods-SFWeChatUITests.debug.xcconfig */;
			buildSettings = {
				INFOPLIST_FILE = SFWeChatUITests/Info.plist;
				LD_RUNPATH_SEARCH_PATHS = "$(inherited) @executable_path/Frameworks @loader_path/Frameworks";
				PRODUCT_BUNDLE_IDENTIFIER = com.smallfly.jone.SFWeChatUITests;
				PRODUCT_NAME = "$(TARGET_NAME)";
				TEST_TARGET_NAME = SFWeChat;
			};
			name = Debug;
		};
		FE3D8F581DD55B5B00F0F7FC /* Release */ = {
			isa = XCBuildConfiguration;
			baseConfigurationReference = 460639E5C9AF1A1BAB20ECA7 /* Pods-SFWeChatUITests.release.xcconfig */;
			buildSettings = {
				INFOPLIST_FILE = SFWeChatUITests/Info.plist;
				LD_RUNPATH_SEARCH_PATHS = "$(inherited) @executable_path/Frameworks @loader_path/Frameworks";
				PRODUCT_BUNDLE_IDENTIFIER = com.smallfly.jone.SFWeChatUITests;
				PRODUCT_NAME = "$(TARGET_NAME)";
				TEST_TARGET_NAME = SFWeChat;
			};
			name = Release;
		};
/* End XCBuildConfiguration section */

/* Begin XCConfigurationList section */
		FE3D8F1E1DD55B5B00F0F7FC /* Build configuration list for PBXProject "SFWeChat" */ = {
			isa = XCConfigurationList;
			buildConfigurations = (
				FE3D8F4E1DD55B5B00F0F7FC /* Debug */,
				FE3D8F4F1DD55B5B00F0F7FC /* Release */,
			);
			defaultConfigurationIsVisible = 0;
			defaultConfigurationName = Release;
		};
		FE3D8F501DD55B5B00F0F7FC /* Build configuration list for PBXNativeTarget "SFWeChat" */ = {
			isa = XCConfigurationList;
			buildConfigurations = (
				FE3D8F511DD55B5B00F0F7FC /* Debug */,
				FE3D8F521DD55B5B00F0F7FC /* Release */,
			);
			defaultConfigurationIsVisible = 0;
			defaultConfigurationName = Release;
		};
		FE3D8F531DD55B5B00F0F7FC /* Build configuration list for PBXNativeTarget "SFWeChatTests" */ = {
			isa = XCConfigurationList;
			buildConfigurations = (
				FE3D8F541DD55B5B00F0F7FC /* Debug */,
				FE3D8F551DD55B5B00F0F7FC /* Release */,
			);
			defaultConfigurationIsVisible = 0;
			defaultConfigurationName = Release;
		};
		FE3D8F561DD55B5B00F0F7FC /* Build configuration list for PBXNativeTarget "SFWeChatUITests" */ = {
			isa = XCConfigurationList;
			buildConfigurations = (
				FE3D8F571DD55B5B00F0F7FC /* Debug */,
				FE3D8F581DD55B5B00F0F7FC /* Release */,
			);
			defaultConfigurationIsVisible = 0;
			defaultConfigurationName = Release;
		};
/* End XCConfigurationList section */
	};
	rootObject = FE3D8F1B1DD55B5B00F0F7FC /* Project object */;
}
