// !$*UTF8*$!
{
	archiveVersion = 1;
	classes = {
	};
	objectVersion = 46;
	objects = {

/* Begin PBXBuildFile section */
		FE3D8F281DD55B5B00F0F7FC /* main.m in Sources */ = {isa = PBXBuildFile; fileRef = FE3D8F271DD55B5B00F0F7FC /* main.m */; };
		FE3D8F331DD55B5B00F0F7FC /* Assets.xcassets in Resources */ = {isa = PBXBuildFile; fileRef = FE3D8F321DD55B5B00F0F7FC /* Assets.xcassets */; };
		FE3D8F411DD55B5B00F0F7FC /* SFWeChatTests.m in Sources */ = {isa = PBXBuildFile; fileRef = FE3D8F401DD55B5B00F0F7FC /* SFWeChatTests.m */; };
		FE3D8F4C1DD55B5B00F0F7FC /* SFWeChatUITests.m in Sources */ = {isa = PBXBuildFile; fileRef = FE3D8F4B1DD55B5B00F0F7FC /* SFWeChatUITests.m */; };
		FE3D8F5E1DD55C7500F0F7FC /* LaunchScreen.storyboard in Resources */ = {isa = PBXBuildFile; fileRef = FE3D8F5C1DD55C7500F0F7FC /* LaunchScreen.storyboard */; };
		FE3D8F5F1DD55C7500F0F7FC /* Main.storyboard in Resources */ = {isa = PBXBuildFile; fileRef = FE3D8F5D1DD55C7500F0F7FC /* Main.storyboard */; };
		FE3D8F641DD55D7500F0F7FC /* AppDelegate.m in Sources */ = {isa = PBXBuildFile; fileRef = FE3D8F631DD55D7500F0F7FC /* AppDelegate.m */; };
/* End PBXBuildFile section */

/* Begin PBXContainerItemProxy section */
		FE3D8F3D1DD55B5B00F0F7FC /* PBXContainerItemProxy */ = {
			isa = PBXContainerItemProxy;
			containerPortal = FE3D8F1B1DD55B5B00F0F7FC /* Project object */;
			proxyType = 1;
			remoteGlobalIDString = FE3D8F221DD55B5B00F0F7FC;
			remoteInfo = SFWeChat;
		};
		FE3D8F481DD55B5B00F0F7FC /* PBXContainerItemProxy */ = {
			isa = PBXContainerItemProxy;
			containerPortal = FE3D8F1B1DD55B5B00F0F7FC /* Project object */;
			proxyType = 1;
			remoteGlobalIDString = FE3D8F221DD55B5B00F0F7FC;
			remoteInfo = SFWeChat;
		};
/* End PBXContainerItemProxy section */

/* Begin PBXFileReference section */
		FE3D8F231DD55B5B00F0F7FC /* SFWeChat.app */ = {isa = PBXFileReference; explicitFileType = wrapper.application; includeInIndex = 0; path = SFWeChat.app; sourceTree = BUILT_PRODUCTS_DIR; };
		FE3D8F271DD55B5B00F0F7FC /* main.m */ = {isa = PBXFileReference; lastKnownFileType = sourcecode.c.objc; path = main.m; sourceTree = "<group>"; };
		FE3D8F321DD55B5B00F0F7FC /* Assets.xcassets */ = {isa = PBXFileReference; lastKnownFileType = folder.assetcatalog; path = Assets.xcassets; sourceTree = "<group>"; };
		FE3D8F371DD55B5B00F0F7FC /* Info.plist */ = {isa = PBXFileReference; lastKnownFileType = text.plist.xml; path = Info.plist; sourceTree = "<group>"; };
		FE3D8F3C1DD55B5B00F0F7FC /* SFWeChatTests.xctest */ = {isa = PBXFileReference; explicitFileType = wrapper.cfbundle; includeInIndex = 0; path = SFWeChatTests.xctest; sourceTree = BUILT_PRODUCTS_DIR; };
		FE3D8F401DD55B5B00F0F7FC /* SFWeChatTests.m */ = {isa = PBXFileReference; lastKnownFileType = sourcecode.c.objc; path = SFWeChatTests.m; sourceTree = "<group>"; };
		FE3D8F421DD55B5B00F0F7FC /* Info.plist */ = {isa = PBXFileReference; lastKnownFileType = text.plist.xml; path = Info.plist; sourceTree = "<group>"; };
		FE3D8F471DD55B5B00F0F7FC /* SFWeChatUITests.xctest */ = {isa = PBXFileReference; explicitFileType = wrapper.cfbundle; includeInIndex = 0; path = SFWeChatUITests.xctest; sourceTree = BUILT_PRODUCTS_DIR; };
		FE3D8F4B1DD55B5B00F0F7FC /* SFWeChatUITests.m */ = {isa = PBXFileReference; lastKnownFileType = sourcecode.c.objc; path = SFWeChatUITests.m; sourceTree = "<group>"; };
		FE3D8F4D1DD55B5B00F0F7FC /* Info.plist */ = {isa = PBXFileReference; lastKnownFileType = text.plist.xml; path = Info.plist; sourceTree = "<group>"; };
		FE3D8F5C1DD55C7500F0F7FC /* LaunchScreen.storyboard */ = {isa = PBXFileReference; fileEncoding = 4; lastKnownFileType = file.storyboard; path = LaunchScreen.storyboard; sourceTree = "<group>"; };
		FE3D8F5D1DD55C7500F0F7FC /* Main.storyboard */ = {isa = PBXFileReference; fileEncoding = 4; lastKnownFileType = file.storyboard; path = Main.storyboard; sourceTree = "<group>"; };
		FE3D8F621DD55D7500F0F7FC /* AppDelegate.h */ = {isa = PBXFileReference; fileEncoding = 4; lastKnownFileType = sourcecode.c.h; path = AppDelegate.h; sourceTree = "<group>"; };
		FE3D8F631DD55D7500F0F7FC /* AppDelegate.m */ = {isa = PBXFileReference; fileEncoding = 4; lastKnownFileType = sourcecode.c.objc; path = AppDelegate.m; sourceTree = "<group>"; };
/* End PBXFileReference section */

/* Begin PBXFrameworksBuildPhase section */
		FE3D8F201DD55B5B00F0F7FC /* Frameworks */ = {
			isa = PBXFrameworksBuildPhase;
			buildActionMask = 2147483647;
			files = (
			);
			runOnlyForDeploymentPostprocessing = 0;
		};
		FE3D8F391DD55B5B00F0F7FC /* Frameworks */ = {
			isa = PBXFrameworksBuildPhase;
			buildActionMask = 2147483647;
			files = (
			);
			runOnlyForDeploymentPostprocessing = 0;
		};
		FE3D8F441DD55B5B00F0F7FC /* Frameworks */ = {
			isa = PBXFrameworksBuildPhase;
			buildActionMask = 2147483647;
			files = (
			);
			runOnlyForDeploymentPostprocessing = 0;
		};
/* End PBXFrameworksBuildPhase section */

/* Begin PBXGroup section */
		FE3D8F1A1DD55B5B00F0F7FC = {
			isa = PBXGroup;
			children = (
				FE3D8F251DD55B5B00F0F7FC /* SFWeChat */,
				FE3D8F3F1DD55B5B00F0F7FC /* SFWeChatTests */,
				FE3D8F4A1DD55B5B00F0F7FC /* SFWeChatUITests */,
				FE3D8F241DD55B5B00F0F7FC /* Products */,
			);
			sourceTree = "<group>";
		};
		FE3D8F241DD55B5B00F0F7FC /* Products */ = {
			isa = PBXGroup;
			children = (
				FE3D8F231DD55B5B00F0F7FC /* SFWeChat.app */,
				FE3D8F3C1DD55B5B00F0F7FC /* SFWeChatTests.xctest */,
				FE3D8F471DD55B5B00F0F7FC /* SFWeChatUITests.xctest */,
			);
			name = Products;
			sourceTree = "<group>";
		};
		FE3D8F251DD55B5B00F0F7FC /* SFWeChat */ = {
			isa = PBXGroup;
			children = (
				FE3D8F321DD55B5B00F0F7FC /* Assets.xcassets */,
				FE3D8F601DD55D5A00F0F7FC /* App */,
				FE3D8F5A1DD55C6F00F0F7FC /* General */,
				FE3D8F591DD55C6F00F0F7FC /* Core */,
				FE3D8F5B1DD55C7500F0F7FC /* Storyboard */,
				FE3D8F611DD55D6000F0F7FC /* Resource */,
				FE3D8F261DD55B5B00F0F7FC /* Supporting Files */,
			);
			path = SFWeChat;
			sourceTree = "<group>";
		};
		FE3D8F261DD55B5B00F0F7FC /* Supporting Files */ = {
			isa = PBXGroup;
			children = (
				FE3D8F371DD55B5B00F0F7FC /* Info.plist */,
				FE3D8F271DD55B5B00F0F7FC /* main.m */,
			);
			name = "Supporting Files";
			sourceTree = "<group>";
		};
		FE3D8F3F1DD55B5B00F0F7FC /* SFWeChatTests */ = {
			isa = PBXGroup;
			children = (
				FE3D8F401DD55B5B00F0F7FC /* SFWeChatTests.m */,
				FE3D8F421DD55B5B00F0F7FC /* Info.plist */,
			);
			path = SFWeChatTests;
			sourceTree = "<group>";
		};
		FE3D8F4A1DD55B5B00F0F7FC /* SFWeChatUITests */ = {
			isa = PBXGroup;
			children = (
				FE3D8F4B1DD55B5B00F0F7FC /* SFWeChatUITests.m */,
				FE3D8F4D1DD55B5B00F0F7FC /* Info.plist */,
			);
			path = SFWeChatUITests;
			sourceTree = "<group>";
		};
		FE3D8F591DD55C6F00F0F7FC /* Core */ = {
			isa = PBXGroup;
			children = (
				FE3D8F651DD564CE00F0F7FC /* Chats */,
				FE3D8F661DD564CE00F0F7FC /* Contacts */,
				FE3D8F671DD564CE00F0F7FC /* Discover */,
				FE3D8F681DD564CE00F0F7FC /* Me */,
			);
			path = Core;
			sourceTree = "<group>";
		};
		FE3D8F5A1DD55C6F00F0F7FC /* General */ = {
			isa = PBXGroup;
			children = (
			);
			path = General;
			sourceTree = "<group>";
		};
		FE3D8F5B1DD55C7500F0F7FC /* Storyboard */ = {
			isa = PBXGroup;
			children = (
				FE3D8F5C1DD55C7500F0F7FC /* LaunchScreen.storyboard */,
				FE3D8F5D1DD55C7500F0F7FC /* Main.storyboard */,
			);
			path = Storyboard;
			sourceTree = "<group>";
		};
		FE3D8F601DD55D5A00F0F7FC /* App */ = {
			isa = PBXGroup;
			children = (
				FE3D8F621DD55D7500F0F7FC /* AppDelegate.h */,
				FE3D8F631DD55D7500F0F7FC /* AppDelegate.m */,
			);
			path = App;
			sourceTree = "<group>";
		};
		FE3D8F611DD55D6000F0F7FC /* Resource */ = {
			isa = PBXGroup;
			children = (
			);
			path = Resource;
			sourceTree = "<group>";
		};
		FE3D8F651DD564CE00F0F7FC /* Chats */ = {
			isa = PBXGroup;
			children = (
			);
			path = Chats;
			sourceTree = "<group>";
		};
		FE3D8F661DD564CE00F0F7FC /* Contacts */ = {
			isa = PBXGroup;
			children = (
			);
			path = Contacts;
			sourceTree = "<group>";
		};
		FE3D8F671DD564CE00F0F7FC /* Discover */ = {
			isa = PBXGroup;
			children = (
			);
			path = Discover;
			sourceTree = "<group>";
		};
		FE3D8F681DD564CE00F0F7FC /* Me */ = {
			isa = PBXGroup;
			children = (
			);
			path = Me;
			sourceTree = "<group>";
		};
/* End PBXGroup section */

/* Begin PBXNativeTarget section */
		FE3D8F221DD55B5B00F0F7FC /* SFWeChat */ = {
			isa = PBXNativeTarget;
			buildConfigurationList = FE3D8F501DD55B5B00F0F7FC /* Build configuration list for PBXNativeTarget "SFWeChat" */;
			buildPhases = (
				FE3D8F1F1DD55B5B00F0F7FC /* Sources */,
				FE3D8F201DD55B5B00F0F7FC /* Frameworks */,
				FE3D8F211DD55B5B00F0F7FC /* Resources */,
			);
			buildRules = (
			);
			dependencies = (
			);
			name = SFWeChat;
			productName = SFWeChat;
			productReference = FE3D8F231DD55B5B00F0F7FC /* SFWeChat.app */;
			productType = "com.apple.product-type.application";
		};
		FE3D8F3B1DD55B5B00F0F7FC /* SFWeChatTests */ = {
			isa = PBXNativeTarget;
			buildConfigurationList = FE3D8F531DD55B5B00F0F7FC /* Build configuration list for PBXNativeTarget "SFWeChatTests" */;
			buildPhases = (
				FE3D8F381DD55B5B00F0F7FC /* Sources */,
				FE3D8F391DD55B5B00F0F7FC /* Frameworks */,
				FE3D8F3A1DD55B5B00F0F7FC /* Resources */,
			);
			buildRules = (
			);
			dependencies = (
				FE3D8F3E1DD55B5B00F0F7FC /* PBXTargetDependency */,
			);
			name = SFWeChatTests;
			productName = SFWeChatTests;
			productReference = FE3D8F3C1DD55B5B00F0F7FC /* SFWeChatTests.xctest */;
			productType = "com.apple.product-type.bundle.unit-test";
		};
		FE3D8F461DD55B5B00F0F7FC /* SFWeChatUITests */ = {
			isa = PBXNativeTarget;
			buildConfigurationList = FE3D8F561DD55B5B00F0F7FC /* Build configuration list for PBXNativeTarget "SFWeChatUITests" */;
			buildPhases = (
				FE3D8F431DD55B5B00F0F7FC /* Sources */,
				FE3D8F441DD55B5B00F0F7FC /* Frameworks */,
				FE3D8F451DD55B5B00F0F7FC /* Resources */,
			);
			buildRules = (
			);
			dependencies = (
				FE3D8F491DD55B5B00F0F7FC /* PBXTargetDependency */,
			);
			name = SFWeChatUITests;
			productName = SFWeChatUITests;
			productReference = FE3D8F471DD55B5B00F0F7FC /* SFWeChatUITests.xctest */;
			productType = "com.apple.product-type.bundle.ui-testing";
		};
/* End PBXNativeTarget section */

/* Begin PBXProject section */
		FE3D8F1B1DD55B5B00F0F7FC /* Project object */ = {
			isa = PBXProject;
			attributes = {
				LastUpgradeCheck = 0810;
				ORGANIZATIONNAME = Jone;
				TargetAttributes = {
					FE3D8F221DD55B5B00F0F7FC = {
						CreatedOnToolsVersion = 8.1;
						DevelopmentTeam = X2YCB7W88N;
						ProvisioningStyle = Automatic;
					};
					FE3D8F3B1DD55B5B00F0F7FC = {
						CreatedOnToolsVersion = 8.1;
						ProvisioningStyle = Automatic;
						TestTargetID = FE3D8F221DD55B5B00F0F7FC;
					};
					FE3D8F461DD55B5B00F0F7FC = {
						CreatedOnToolsVersion = 8.1;
						ProvisioningStyle = Automatic;
						TestTargetID = FE3D8F221DD55B5B00F0F7FC;
					};
				};
			};
			buildConfigurationList = FE3D8F1E1DD55B5B00F0F7FC /* Build configuration list for PBXProject "SFWeChat" */;
			compatibilityVersion = "Xcode 3.2";
			developmentRegion = English;
			hasScannedForEncodings = 0;
			knownRegions = (
				en,
				Base,
			);
			mainGroup = FE3D8F1A1DD55B5B00F0F7FC;
			productRefGroup = FE3D8F241DD55B5B00F0F7FC /* Products */;
			projectDirPath = "";
			projectRoot = "";
			targets = (
				FE3D8F221DD55B5B00F0F7FC /* SFWeChat */,
				FE3D8F3B1DD55B5B00F0F7FC /* SFWeChatTests */,
				FE3D8F461DD55B5B00F0F7FC /* SFWeChatUITests */,
			);
		};
/* End PBXProject section */

/* Begin PBXResourcesBuildPhase section */
		FE3D8F211DD55B5B00F0F7FC /* Resources */ = {
			isa = PBXResourcesBuildPhase;
			buildActionMask = 2147483647;
			files = (
				FE3D8F5F1DD55C7500F0F7FC /* Main.storyboard in Resources */,
				FE3D8F331DD55B5B00F0F7FC /* Assets.xcassets in Resources */,
				FE3D8F5E1DD55C7500F0F7FC /* LaunchScreen.storyboard in Resources */,
			);
			runOnlyForDeploymentPostprocessing = 0;
		};
		FE3D8F3A1DD55B5B00F0F7FC /* Resources */ = {
			isa = PBXResourcesBuildPhase;
			buildActionMask = 2147483647;
			files = (
			);
			runOnlyForDeploymentPostprocessing = 0;
		};
		FE3D8F451DD55B5B00F0F7FC /* Resources */ = {
			isa = PBXResourcesBuildPhase;
			buildActionMask = 2147483647;
			files = (
			);
			runOnlyForDeploymentPostprocessing = 0;
		};
/* End PBXResourcesBuildPhase section */

/* Begin PBXSourcesBuildPhase section */
		FE3D8F1F1DD55B5B00F0F7FC /* Sources */ = {
			isa = PBXSourcesBuildPhase;
			buildActionMask = 2147483647;
			files = (
				FE3D8F641DD55D7500F0F7FC /* AppDelegate.m in Sources */,
				FE3D8F281DD55B5B00F0F7FC /* main.m in Sources */,
			);
			runOnlyForDeploymentPostprocessing = 0;
		};
		FE3D8F381DD55B5B00F0F7FC /* Sources */ = {
			isa = PBXSourcesBuildPhase;
			buildActionMask = 2147483647;
			files = (
				FE3D8F411DD55B5B00F0F7FC /* SFWeChatTests.m in Sources */,
			);
			runOnlyForDeploymentPostprocessing = 0;
		};
		FE3D8F431DD55B5B00F0F7FC /* Sources */ = {
			isa = PBXSourcesBuildPhase;
			buildActionMask = 2147483647;
			files = (
				FE3D8F4C1DD55B5B00F0F7FC /* SFWeChatUITests.m in Sources */,
			);
			runOnlyForDeploymentPostprocessing = 0;
		};
/* End PBXSourcesBuildPhase section */

/* Begin PBXTargetDependency section */
		FE3D8F3E1DD55B5B00F0F7FC /* PBXTargetDependency */ = {
			isa = PBXTargetDependency;
			target = FE3D8F221DD55B5B00F0F7FC /* SFWeChat */;
			targetProxy = FE3D8F3D1DD55B5B00F0F7FC /* PBXContainerItemProxy */;
		};
		FE3D8F491DD55B5B00F0F7FC /* PBXTargetDependency */ = {
			isa = PBXTargetDependency;
			target = FE3D8F221DD55B5B00F0F7FC /* SFWeChat */;
			targetProxy = FE3D8F481DD55B5B00F0F7FC /* PBXContainerItemProxy */;
		};
/* End PBXTargetDependency section */

/* Begin XCBuildConfiguration section */
		FE3D8F4E1DD55B5B00F0F7FC /* Debug */ = {
			isa = XCBuildConfiguration;
			buildSettings = {
				ALWAYS_SEARCH_USER_PATHS = NO;
				CLANG_ANALYZER_NONNULL = YES;
				CLANG_CXX_LANGUAGE_STANDARD = "gnu++0x";
				CLANG_CXX_LIBRARY = "libc++";
				CLANG_ENABLE_MODULES = YES;
				CLANG_ENABLE_OBJC_ARC = YES;
				CLANG_WARN_BOOL_CONVERSION = YES;
				CLANG_WARN_CONSTANT_CONVERSION = YES;
				CLANG_WARN_DIRECT_OBJC_ISA_USAGE = YES_ERROR;
				CLANG_WARN_DOCUMENTATION_COMMENTS = YES;
				CLANG_WARN_EMPTY_BODY = YES;
				CLANG_WARN_ENUM_CONVERSION = YES;
				CLANG_WARN_INFINITE_RECURSION = YES;
				CLANG_WARN_INT_CONVERSION = YES;
				CLANG_WARN_OBJC_ROOT_CLASS = YES_ERROR;
				CLANG_WARN_SUSPICIOUS_MOVES = YES;
				CLANG_WARN_UNREACHABLE_CODE = YES;
				CLANG_WARN__DUPLICATE_METHOD_MATCH = YES;
				"CODE_SIGN_IDENTITY[sdk=iphoneos*]" = "iPhone Developer";
				COPY_PHASE_STRIP = NO;
				DEBUG_INFORMATION_FORMAT = dwarf;
				ENABLE_STRICT_OBJC_MSGSEND = YES;
				ENABLE_TESTABILITY = YES;
				GCC_C_LANGUAGE_STANDARD = gnu99;
				GCC_DYNAMIC_NO_PIC = NO;
				GCC_NO_COMMON_BLOCKS = YES;
				GCC_OPTIMIZATION_LEVEL = 0;
				GCC_PREPROCESSOR_DEFINITIONS = (
					"DEBUG=1",
					"$(inherited)",
				);
				GCC_WARN_64_TO_32_BIT_CONVERSION = YES;
				GCC_WARN_ABOUT_RETURN_TYPE = YES_ERROR;
				GCC_WARN_UNDECLARED_SELECTOR = YES;
				GCC_WARN_UNINITIALIZED_AUTOS = YES_AGGRESSIVE;
				GCC_WARN_UNUSED_FUNCTION = YES;
				GCC_WARN_UNUSED_VARIABLE = YES;
				IPHONEOS_DEPLOYMENT_TARGET = 10.1;
				MTL_ENABLE_DEBUG_INFO = YES;
				ONLY_ACTIVE_ARCH = YES;
				SDKROOT = iphoneos;
				TARGETED_DEVICE_FAMILY = "1,2";
			};
			name = Debug;
		};
		FE3D8F4F1DD55B5B00F0F7FC /* Release */ = {
			isa = XCBuildConfiguration;
			buildSettings = {
				ALWAYS_SEARCH_USER_PATHS = NO;
				CLANG_ANALYZER_NONNULL = YES;
				CLANG_CXX_LANGUAGE_STANDARD = "gnu++0x";
				CLANG_CXX_LIBRARY = "libc++";
				CLANG_ENABLE_MODULES = YES;
				CLANG_ENABLE_OBJC_ARC = YES;
				CLANG_WARN_BOOL_CONVERSION = YES;
				CLANG_WARN_CONSTANT_CONVERSION = YES;
				CLANG_WARN_DIRECT_OBJC_ISA_USAGE = YES_ERROR;
				CLANG_WARN_DOCUMENTATION_COMMENTS = YES;
				CLANG_WARN_EMPTY_BODY = YES;
				CLANG_WARN_ENUM_CONVERSION = YES;
				CLANG_WARN_INFINITE_RECURSION = YES;
				CLANG_WARN_INT_CONVERSION = YES;
				CLANG_WARN_OBJC_ROOT_CLASS = YES_ERROR;
				CLANG_WARN_SUSPICIOUS_MOVES = YES;
				CLANG_WARN_UNREACHABLE_CODE = YES;
				CLANG_WARN__DUPLICATE_METHOD_MATCH = YES;
				"CODE_SIGN_IDENTITY[sdk=iphoneos*]" = "iPhone Developer";
				COPY_PHASE_STRIP = NO;
				DEBUG_INFORMATION_FORMAT = "dwarf-with-dsym";
				ENABLE_NS_ASSERTIONS = NO;
				ENABLE_STRICT_OBJC_MSGSEND = YES;
				GCC_C_LANGUAGE_STANDARD = gnu99;
				GCC_NO_COMMON_BLOCKS = YES;
				GCC_WARN_64_TO_32_BIT_CONVERSION = YES;
				GCC_WARN_ABOUT_RETURN_TYPE = YES_ERROR;
				GCC_WARN_UNDECLARED_SELECTOR = YES;
				GCC_WARN_UNINITIALIZED_AUTOS = YES_AGGRESSIVE;
				GCC_WARN_UNUSED_FUNCTION = YES;
				GCC_WARN_UNUSED_VARIABLE = YES;
				IPHONEOS_DEPLOYMENT_TARGET = 10.1;
				MTL_ENABLE_DEBUG_INFO = NO;
				SDKROOT = iphoneos;
				TARGETED_DEVICE_FAMILY = "1,2";
				VALIDATE_PRODUCT = YES;
			};
			name = Release;
		};
		FE3D8F511DD55B5B00F0F7FC /* Debug */ = {
			isa = XCBuildConfiguration;
			buildSettings = {
				ASSETCATALOG_COMPILER_APPICON_NAME = AppIcon;
				DEVELOPMENT_TEAM = X2YCB7W88N;
				INFOPLIST_FILE = SFWeChat/Info.plist;
				LD_RUNPATH_SEARCH_PATHS = "$(inherited) @executable_path/Frameworks";
				PRODUCT_BUNDLE_IDENTIFIER = com.smallfly.jone.SFWeChat;
				PRODUCT_NAME = "$(TARGET_NAME)";
			};
			name = Debug;
		};
		FE3D8F521DD55B5B00F0F7FC /* Release */ = {
			isa = XCBuildConfiguration;
			buildSettings = {
				ASSETCATALOG_COMPILER_APPICON_NAME = AppIcon;
				DEVELOPMENT_TEAM = X2YCB7W88N;
				INFOPLIST_FILE = SFWeChat/Info.plist;
				LD_RUNPATH_SEARCH_PATHS = "$(inherited) @executable_path/Frameworks";
				PRODUCT_BUNDLE_IDENTIFIER = com.smallfly.jone.SFWeChat;
				PRODUCT_NAME = "$(TARGET_NAME)";
			};
			name = Release;
		};
		FE3D8F541DD55B5B00F0F7FC /* Debug */ = {
			isa = XCBuildConfiguration;
			buildSettings = {
				BUNDLE_LOADER = "$(TEST_HOST)";
				INFOPLIST_FILE = SFWeChatTests/Info.plist;
				LD_RUNPATH_SEARCH_PATHS = "$(inherited) @executable_path/Frameworks @loader_path/Frameworks";
				PRODUCT_BUNDLE_IDENTIFIER = com.smallfly.jone.SFWeChatTests;
				PRODUCT_NAME = "$(TARGET_NAME)";
				TEST_HOST = "$(BUILT_PRODUCTS_DIR)/SFWeChat.app/SFWeChat";
			};
			name = Debug;
		};
		FE3D8F551DD55B5B00F0F7FC /* Release */ = {
			isa = XCBuildConfiguration;
			buildSettings = {
				BUNDLE_LOADER = "$(TEST_HOST)";
				INFOPLIST_FILE = SFWeChatTests/Info.plist;
				LD_RUNPATH_SEARCH_PATHS = "$(inherited) @executable_path/Frameworks @loader_path/Frameworks";
				PRODUCT_BUNDLE_IDENTIFIER = com.smallfly.jone.SFWeChatTests;
				PRODUCT_NAME = "$(TARGET_NAME)";
				TEST_HOST = "$(BUILT_PRODUCTS_DIR)/SFWeChat.app/SFWeChat";
			};
			name = Release;
		};
		FE3D8F571DD55B5B00F0F7FC /* Debug */ = {
			isa = XCBuildConfiguration;
			buildSettings = {
				INFOPLIST_FILE = SFWeChatUITests/Info.plist;
				LD_RUNPATH_SEARCH_PATHS = "$(inherited) @executable_path/Frameworks @loader_path/Frameworks";
				PRODUCT_BUNDLE_IDENTIFIER = com.smallfly.jone.SFWeChatUITests;
				PRODUCT_NAME = "$(TARGET_NAME)";
				TEST_TARGET_NAME = SFWeChat;
			};
			name = Debug;
		};
		FE3D8F581DD55B5B00F0F7FC /* Release */ = {
			isa = XCBuildConfiguration;
			buildSettings = {
				INFOPLIST_FILE = SFWeChatUITests/Info.plist;
				LD_RUNPATH_SEARCH_PATHS = "$(inherited) @executable_path/Frameworks @loader_path/Frameworks";
				PRODUCT_BUNDLE_IDENTIFIER = com.smallfly.jone.SFWeChatUITests;
				PRODUCT_NAME = "$(TARGET_NAME)";
				TEST_TARGET_NAME = SFWeChat;
			};
			name = Release;
		};
/* End XCBuildConfiguration section */

/* Begin XCConfigurationList section */
		FE3D8F1E1DD55B5B00F0F7FC /* Build configuration list for PBXProject "SFWeChat" */ = {
			isa = XCConfigurationList;
			buildConfigurations = (
				FE3D8F4E1DD55B5B00F0F7FC /* Debug */,
				FE3D8F4F1DD55B5B00F0F7FC /* Release */,
			);
			defaultConfigurationIsVisible = 0;
			defaultConfigurationName = Release;
		};
		FE3D8F501DD55B5B00F0F7FC /* Build configuration list for PBXNativeTarget "SFWeChat" */ = {
			isa = XCConfigurationList;
			buildConfigurations = (
				FE3D8F511DD55B5B00F0F7FC /* Debug */,
				FE3D8F521DD55B5B00F0F7FC /* Release */,
			);
			defaultConfigurationIsVisible = 0;
		};
		FE3D8F531DD55B5B00F0F7FC /* Build configuration list for PBXNativeTarget "SFWeChatTests" */ = {
			isa = XCConfigurationList;
			buildConfigurations = (
				FE3D8F541DD55B5B00F0F7FC /* Debug */,
				FE3D8F551DD55B5B00F0F7FC /* Release */,
			);
			defaultConfigurationIsVisible = 0;
		};
		FE3D8F561DD55B5B00F0F7FC /* Build configuration list for PBXNativeTarget "SFWeChatUITests" */ = {
			isa = XCConfigurationList;
			buildConfigurations = (
				FE3D8F571DD55B5B00F0F7FC /* Debug */,
				FE3D8F581DD55B5B00F0F7FC /* Release */,
			);
			defaultConfigurationIsVisible = 0;
		};
/* End XCConfigurationList section */
	};
	rootObject = FE3D8F1B1DD55B5B00F0F7FC /* Project object */;
}
